// !$*UTF8*$!
{
	archiveVersion = 1;
	classes = {
	};
	objectVersion = 77;
	objects = {

/* Begin PBXContainerItemProxy section */
		161DC6C22D2A22AE00CDE1C0 /* PBXContainerItemProxy */ = {
			isa = PBXContainerItemProxy;
			containerPortal = 161DC6A92D2A22AB00CDE1C0 /* Project object */;
			proxyType = 1;
			remoteGlobalIDString = 161DC6B02D2A22AB00CDE1C0;
			remoteInfo = HIIT;
		};
		161DC6CC2D2A22AE00CDE1C0 /* PBXContainerItemProxy */ = {
			isa = PBXContainerItemProxy;
			containerPortal = 161DC6A92D2A22AB00CDE1C0 /* Project object */;
			proxyType = 1;
			remoteGlobalIDString = 161DC6B02D2A22AB00CDE1C0;
			remoteInfo = HIIT;
		};
/* End PBXContainerItemProxy section */

/* Begin PBXFileReference section */
		161DC6B12D2A22AB00CDE1C0 /* HIIT.app */ = {isa = PBXFileReference; explicitFileType = wrapper.application; includeInIndex = 0; path = HIIT.app; sourceTree = BUILT_PRODUCTS_DIR; };
		161DC6C12D2A22AE00CDE1C0 /* HIITTests.xctest */ = {isa = PBXFileReference; explicitFileType = wrapper.cfbundle; includeInIndex = 0; path = HIITTests.xctest; sourceTree = BUILT_PRODUCTS_DIR; };
		161DC6CB2D2A22AE00CDE1C0 /* HIITUITests.xctest */ = {isa = PBXFileReference; explicitFileType = wrapper.cfbundle; includeInIndex = 0; path = HIITUITests.xctest; sourceTree = BUILT_PRODUCTS_DIR; };
/* End PBXFileReference section */

/* Begin PBXFileSystemSynchronizedRootGroup section */
		161DC6B32D2A22AB00CDE1C0 /* HIIT */ = {
			isa = PBXFileSystemSynchronizedRootGroup;
			path = HIIT;
			sourceTree = "<group>";
		};
		161DC6C42D2A22AE00CDE1C0 /* HIITTests */ = {
			isa = PBXFileSystemSynchronizedRootGroup;
			path = HIITTests;
			sourceTree = "<group>";
		};
		161DC6CE2D2A22AE00CDE1C0 /* HIITUITests */ = {
			isa = PBXFileSystemSynchronizedRootGroup;
			path = HIITUITests;
			sourceTree = "<group>";
		};
/* End PBXFileSystemSynchronizedRootGroup section */

/* Begin PBXFrameworksBuildPhase section */
		161DC6AE2D2A22AB00CDE1C0 /* Frameworks */ = {
			isa = PBXFrameworksBuildPhase;
			buildActionMask = 2147483647;
			files = (
			);
			runOnlyForDeploymentPostprocessing = 0;
		};
		161DC6BE2D2A22AE00CDE1C0 /* Frameworks */ = {
			isa = PBXFrameworksBuildPhase;
			buildActionMask = 2147483647;
			files = (
			);
			runOnlyForDeploymentPostprocessing = 0;
		};
		161DC6C82D2A22AE00CDE1C0 /* Frameworks */ = {
			isa = PBXFrameworksBuildPhase;
			buildActionMask = 2147483647;
			files = (
			);
			runOnlyForDeploymentPostprocessing = 0;
		};
/* End PBXFrameworksBuildPhase section */

/* Begin PBXGroup section */
		161DC6A82D2A22AB00CDE1C0 = {
			isa = PBXGroup;
			children = (
				161DC6B32D2A22AB00CDE1C0 /* HIIT */,
				161DC6C42D2A22AE00CDE1C0 /* HIITTests */,
				161DC6CE2D2A22AE00CDE1C0 /* HIITUITests */,
				161DC6B22D2A22AB00CDE1C0 /* Products */,
			);
			sourceTree = "<group>";
		};
		161DC6B22D2A22AB00CDE1C0 /* Products */ = {
			isa = PBXGroup;
			children = (
				161DC6B12D2A22AB00CDE1C0 /* HIIT.app */,
				161DC6C12D2A22AE00CDE1C0 /* HIITTests.xctest */,
				161DC6CB2D2A22AE00CDE1C0 /* HIITUITests.xctest */,
			);
			name = Products;
			sourceTree = "<group>";
		};
/* End PBXGroup section */

/* Begin PBXNativeTarget section */
		161DC6B02D2A22AB00CDE1C0 /* HIIT */ = {
			isa = PBXNativeTarget;
			buildConfigurationList = 161DC6D52D2A22AE00CDE1C0 /* Build configuration list for PBXNativeTarget "HIIT" */;
			buildPhases = (
				161DC6AD2D2A22AB00CDE1C0 /* Sources */,
				161DC6AE2D2A22AB00CDE1C0 /* Frameworks */,
				161DC6AF2D2A22AB00CDE1C0 /* Resources */,
			);
			buildRules = (
			);
			dependencies = (
			);
			fileSystemSynchronizedGroups = (
				161DC6B32D2A22AB00CDE1C0 /* HIIT */,
			);
			name = HIIT;
			packageProductDependencies = (
			);
			productName = HIIT;
			productReference = 161DC6B12D2A22AB00CDE1C0 /* HIIT.app */;
			productType = "com.apple.product-type.application";
		};
		161DC6C02D2A22AE00CDE1C0 /* HIITTests */ = {
			isa = PBXNativeTarget;
			buildConfigurationList = 161DC6D82D2A22AE00CDE1C0 /* Build configuration list for PBXNativeTarget "HIITTests" */;
			buildPhases = (
				161DC6BD2D2A22AE00CDE1C0 /* Sources */,
				161DC6BE2D2A22AE00CDE1C0 /* Frameworks */,
				161DC6BF2D2A22AE00CDE1C0 /* Resources */,
			);
			buildRules = (
			);
			dependencies = (
				161DC6C32D2A22AE00CDE1C0 /* PBXTargetDependency */,
			);
			fileSystemSynchronizedGroups = (
				161DC6C42D2A22AE00CDE1C0 /* HIITTests */,
			);
			name = HIITTests;
			packageProductDependencies = (
			);
			productName = HIITTests;
			productReference = 161DC6C12D2A22AE00CDE1C0 /* HIITTests.xctest */;
			productType = "com.apple.product-type.bundle.unit-test";
		};
		161DC6CA2D2A22AE00CDE1C0 /* HIITUITests */ = {
			isa = PBXNativeTarget;
			buildConfigurationList = 161DC6DB2D2A22AE00CDE1C0 /* Build configuration list for PBXNativeTarget "HIITUITests" */;
			buildPhases = (
				161DC6C72D2A22AE00CDE1C0 /* Sources */,
				161DC6C82D2A22AE00CDE1C0 /* Frameworks */,
				161DC6C92D2A22AE00CDE1C0 /* Resources */,
			);
			buildRules = (
			);
			dependencies = (
				161DC6CD2D2A22AE00CDE1C0 /* PBXTargetDependency */,
			);
			fileSystemSynchronizedGroups = (
				161DC6CE2D2A22AE00CDE1C0 /* HIITUITests */,
			);
			name = HIITUITests;
			packageProductDependencies = (
			);
			productName = HIITUITests;
			productReference = 161DC6CB2D2A22AE00CDE1C0 /* HIITUITests.xctest */;
			productType = "com.apple.product-type.bundle.ui-testing";
		};
/* End PBXNativeTarget section */

/* Begin PBXProject section */
		161DC6A92D2A22AB00CDE1C0 /* Project object */ = {
			isa = PBXProject;
			attributes = {
				BuildIndependentTargetsInParallel = 1;
				LastSwiftUpdateCheck = 1610;
				LastUpgradeCheck = 1610;
				TargetAttributes = {
					161DC6B02D2A22AB00CDE1C0 = {
						CreatedOnToolsVersion = 16.1;
					};
					161DC6C02D2A22AE00CDE1C0 = {
						CreatedOnToolsVersion = 16.1;
						TestTargetID = 161DC6B02D2A22AB00CDE1C0;
					};
					161DC6CA2D2A22AE00CDE1C0 = {
						CreatedOnToolsVersion = 16.1;
						TestTargetID = 161DC6B02D2A22AB00CDE1C0;
					};
				};
			};
			buildConfigurationList = 161DC6AC2D2A22AB00CDE1C0 /* Build configuration list for PBXProject "HIIT" */;
			developmentRegion = en;
			hasScannedForEncodings = 0;
			knownRegions = (
				en,
				Base,
			);
			mainGroup = 161DC6A82D2A22AB00CDE1C0;
			minimizedProjectReferenceProxies = 1;
			preferredProjectObjectVersion = 77;
			productRefGroup = 161DC6B22D2A22AB00CDE1C0 /* Products */;
			projectDirPath = "";
			projectRoot = "";
			targets = (
				161DC6B02D2A22AB00CDE1C0 /* HIIT */,
				161DC6C02D2A22AE00CDE1C0 /* HIITTests */,
				161DC6CA2D2A22AE00CDE1C0 /* HIITUITests */,
			);
		};
/* End PBXProject section */

/* Begin PBXResourcesBuildPhase section */
		161DC6AF2D2A22AB00CDE1C0 /* Resources */ = {
			isa = PBXResourcesBuildPhase;
			buildActionMask = 2147483647;
			files = (
			);
			runOnlyForDeploymentPostprocessing = 0;
		};
		161DC6BF2D2A22AE00CDE1C0 /* Resources */ = {
			isa = PBXResourcesBuildPhase;
			buildActionMask = 2147483647;
			files = (
			);
			runOnlyForDeploymentPostprocessing = 0;
		};
		161DC6C92D2A22AE00CDE1C0 /* Resources */ = {
			isa = PBXResourcesBuildPhase;
			buildActionMask = 2147483647;
			files = (
			);
			runOnlyForDeploymentPostprocessing = 0;
		};
/* End PBXResourcesBuildPhase section */

/* Begin PBXSourcesBuildPhase section */
		161DC6AD2D2A22AB00CDE1C0 /* Sources */ = {
			isa = PBXSourcesBuildPhase;
			buildActionMask = 2147483647;
			files = (
			);
			runOnlyForDeploymentPostprocessing = 0;
		};
		161DC6BD2D2A22AE00CDE1C0 /* Sources */ = {
			isa = PBXSourcesBuildPhase;
			buildActionMask = 2147483647;
			files = (
			);
			runOnlyForDeploymentPostprocessing = 0;
		};
		161DC6C72D2A22AE00CDE1C0 /* Sources */ = {
			isa = PBXSourcesBuildPhase;
			buildActionMask = 2147483647;
			files = (
			);
			runOnlyForDeploymentPostprocessing = 0;
		};
/* End PBXSourcesBuildPhase section */

/* Begin PBXTargetDependency section */
		161DC6C32D2A22AE00CDE1C0 /* PBXTargetDependency */ = {
			isa = PBXTargetDependency;
			target = 161DC6B02D2A22AB00CDE1C0 /* HIIT */;
			targetProxy = 161DC6C22D2A22AE00CDE1C0 /* PBXContainerItemProxy */;
		};
		161DC6CD2D2A22AE00CDE1C0 /* PBXTargetDependency */ = {
			isa = PBXTargetDependency;
			target = 161DC6B02D2A22AB00CDE1C0 /* HIIT */;
			targetProxy = 161DC6CC2D2A22AE00CDE1C0 /* PBXContainerItemProxy */;
		};
/* End PBXTargetDependency section */

/* Begin XCBuildConfiguration section */
		161DC6D32D2A22AE00CDE1C0 /* Debug */ = {
			isa = XCBuildConfiguration;
			buildSettings = {
				ALWAYS_SEARCH_USER_PATHS = NO;
				ASSETCATALOG_COMPILER_GENERATE_SWIFT_ASSET_SYMBOL_EXTENSIONS = YES;
				CLANG_ANALYZER_NONNULL = YES;
				CLANG_ANALYZER_NUMBER_OBJECT_CONVERSION = YES_AGGRESSIVE;
				CLANG_CXX_LANGUAGE_STANDARD = "gnu++20";
				CLANG_ENABLE_MODULES = YES;
				CLANG_ENABLE_OBJC_ARC = YES;
				CLANG_ENABLE_OBJC_WEAK = YES;
				CLANG_WARN_BLOCK_CAPTURE_AUTORELEASING = YES;
				CLANG_WARN_BOOL_CONVERSION = YES;
				CLANG_WARN_COMMA = YES;
				CLANG_WARN_CONSTANT_CONVERSION = YES;
				CLANG_WARN_DEPRECATED_OBJC_IMPLEMENTATIONS = YES;
				CLANG_WARN_DIRECT_OBJC_ISA_USAGE = YES_ERROR;
				CLANG_WARN_DOCUMENTATION_COMMENTS = YES;
				CLANG_WARN_EMPTY_BODY = YES;
				CLANG_WARN_ENUM_CONVERSION = YES;
				CLANG_WARN_INFINITE_RECURSION = YES;
				CLANG_WARN_INT_CONVERSION = YES;
				CLANG_WARN_NON_LITERAL_NULL_CONVERSION = YES;
				CLANG_WARN_OBJC_IMPLICIT_RETAIN_SELF = YES;
				CLANG_WARN_OBJC_LITERAL_CONVERSION = YES;
				CLANG_WARN_OBJC_ROOT_CLASS = YES_ERROR;
				CLANG_WARN_QUOTED_INCLUDE_IN_FRAMEWORK_HEADER = YES;
				CLANG_WARN_RANGE_LOOP_ANALYSIS = YES;
				CLANG_WARN_STRICT_PROTOTYPES = YES;
				CLANG_WARN_SUSPICIOUS_MOVE = YES;
				CLANG_WARN_UNGUARDED_AVAILABILITY = YES_AGGRESSIVE;
				CLANG_WARN_UNREACHABLE_CODE = YES;
				CLANG_WARN__DUPLICATE_METHOD_MATCH = YES;
				COPY_PHASE_STRIP = NO;
				DEBUG_INFORMATION_FORMAT = dwarf;
				ENABLE_STRICT_OBJC_MSGSEND = YES;
				ENABLE_TESTABILITY = YES;
				ENABLE_USER_SCRIPT_SANDBOXING = YES;
				GCC_C_LANGUAGE_STANDARD = gnu17;
				GCC_DYNAMIC_NO_PIC = NO;
				GCC_NO_COMMON_BLOCKS = YES;
				GCC_OPTIMIZATION_LEVEL = 0;
				GCC_PREPROCESSOR_DEFINITIONS = (
					"DEBUG=1",
					"$(inherited)",
				);
				GCC_WARN_64_TO_32_BIT_CONVERSION = YES;
				GCC_WARN_ABOUT_RETURN_TYPE = YES_ERROR;
				GCC_WARN_UNDECLARED_SELECTOR = YES;
				GCC_WARN_UNINITIALIZED_AUTOS = YES_AGGRESSIVE;
				GCC_WARN_UNUSED_FUNCTION = YES;
				GCC_WARN_UNUSED_VARIABLE = YES;
				IPHONEOS_DEPLOYMENT_TARGET = 18.1;
				LOCALIZATION_PREFERS_STRING_CATALOGS = YES;
				MTL_ENABLE_DEBUG_INFO = INCLUDE_SOURCE;
				MTL_FAST_MATH = YES;
				ONLY_ACTIVE_ARCH = YES;
				SDKROOT = iphoneos;
				SWIFT_ACTIVE_COMPILATION_CONDITIONS = "DEBUG $(inherited)";
				SWIFT_OPTIMIZATION_LEVEL = "-Onone";
			};
			name = Debug;
		};
		161DC6D42D2A22AE00CDE1C0 /* Release */ = {
			isa = XCBuildConfiguration;
			buildSettings = {
				ALWAYS_SEARCH_USER_PATHS = NO;
				ASSETCATALOG_COMPILER_GENERATE_SWIFT_ASSET_SYMBOL_EXTENSIONS = YES;
				CLANG_ANALYZER_NONNULL = YES;
				CLANG_ANALYZER_NUMBER_OBJECT_CONVERSION = YES_AGGRESSIVE;
				CLANG_CXX_LANGUAGE_STANDARD = "gnu++20";
				CLANG_ENABLE_MODULES = YES;
				CLANG_ENABLE_OBJC_ARC = YES;
				CLANG_ENABLE_OBJC_WEAK = YES;
				CLANG_WARN_BLOCK_CAPTURE_AUTORELEASING = YES;
				CLANG_WARN_BOOL_CONVERSION = YES;
				CLANG_WARN_COMMA = YES;
				CLANG_WARN_CONSTANT_CONVERSION = YES;
				CLANG_WARN_DEPRECATED_OBJC_IMPLEMENTATIONS = YES;
				CLANG_WARN_DIRECT_OBJC_ISA_USAGE = YES_ERROR;
				CLANG_WARN_DOCUMENTATION_COMMENTS = YES;
				CLANG_WARN_EMPTY_BODY = YES;
				CLANG_WARN_ENUM_CONVERSION = YES;
				CLANG_WARN_INFINITE_RECURSION = YES;
				CLANG_WARN_INT_CONVERSION = YES;
				CLANG_WARN_NON_LITERAL_NULL_CONVERSION = YES;
				CLANG_WARN_OBJC_IMPLICIT_RETAIN_SELF = YES;
				CLANG_WARN_OBJC_LITERAL_CONVERSION = YES;
				CLANG_WARN_OBJC_ROOT_CLASS = YES_ERROR;
				CLANG_WARN_QUOTED_INCLUDE_IN_FRAMEWORK_HEADER = YES;
				CLANG_WARN_RANGE_LOOP_ANALYSIS = YES;
				CLANG_WARN_STRICT_PROTOTYPES = YES;
				CLANG_WARN_SUSPICIOUS_MOVE = YES;
				CLANG_WARN_UNGUARDED_AVAILABILITY = YES_AGGRESSIVE;
				CLANG_WARN_UNREACHABLE_CODE = YES;
				CLANG_WARN__DUPLICATE_METHOD_MATCH = YES;
				COPY_PHASE_STRIP = NO;
				DEBUG_INFORMATION_FORMAT = "dwarf-with-dsym";
				ENABLE_NS_ASSERTIONS = NO;
				ENABLE_STRICT_OBJC_MSGSEND = YES;
				ENABLE_USER_SCRIPT_SANDBOXING = YES;
				GCC_C_LANGUAGE_STANDARD = gnu17;
				GCC_NO_COMMON_BLOCKS = YES;
				GCC_WARN_64_TO_32_BIT_CONVERSION = YES;
				GCC_WARN_ABOUT_RETURN_TYPE = YES_ERROR;
				GCC_WARN_UNDECLARED_SELECTOR = YES;
				GCC_WARN_UNINITIALIZED_AUTOS = YES_AGGRESSIVE;
				GCC_WARN_UNUSED_FUNCTION = YES;
				GCC_WARN_UNUSED_VARIABLE = YES;
				IPHONEOS_DEPLOYMENT_TARGET = 18.1;
				LOCALIZATION_PREFERS_STRING_CATALOGS = YES;
				MTL_ENABLE_DEBUG_INFO = NO;
				MTL_FAST_MATH = YES;
				SDKROOT = iphoneos;
				SWIFT_COMPILATION_MODE = wholemodule;
				VALIDATE_PRODUCT = YES;
			};
			name = Release;
		};
		161DC6D62D2A22AE00CDE1C0 /* Debug */ = {
			isa = XCBuildConfiguration;
			buildSettings = {
				ASSETCATALOG_COMPILER_APPICON_NAME = AppIcon;
				ASSETCATALOG_COMPILER_GLOBAL_ACCENT_COLOR_NAME = AccentColor;
				CODE_SIGN_STYLE = Automatic;
				CURRENT_PROJECT_VERSION = 1;
				DEVELOPMENT_ASSET_PATHS = "\"HIIT/Preview Content\"";
				DEVELOPMENT_TEAM = 55WCKK3Y95;
				ENABLE_PREVIEWS = YES;
				GENERATE_INFOPLIST_FILE = YES;
				INFOPLIST_KEY_UIApplicationSceneManifest_Generation = YES;
				INFOPLIST_KEY_UIApplicationSupportsIndirectInputEvents = YES;
				INFOPLIST_KEY_UILaunchScreen_Generation = YES;
				INFOPLIST_KEY_UILaunchStoryboardName = LaunchScreen.storyboard;
				INFOPLIST_KEY_UISupportedInterfaceOrientations_iPad = "UIInterfaceOrientationPortrait UIInterfaceOrientationPortraitUpsideDown UIInterfaceOrientationLandscapeLeft UIInterfaceOrientationLandscapeRight";
				INFOPLIST_KEY_UISupportedInterfaceOrientations_iPhone = "UIInterfaceOrientationPortrait UIInterfaceOrientationLandscapeLeft UIInterfaceOrientationLandscapeRight";
				LD_RUNPATH_SEARCH_PATHS = (
					"$(inherited)",
					"@executable_path/Frameworks",
				);
				MARKETING_VERSION = 1.0;
				PRODUCT_BUNDLE_IDENTIFIER = ShionNakamura.HIIT;
				PRODUCT_NAME = "$(TARGET_NAME)";
				SWIFT_EMIT_LOC_STRINGS = YES;
				SWIFT_VERSION = 5.0;
				TARGETED_DEVICE_FAMILY = "1,2";
			};
			name = Debug;
		};
		161DC6D72D2A22AE00CDE1C0 /* Release */ = {
			isa = XCBuildConfiguration;
			buildSettings = {
				ASSETCATALOG_COMPILER_APPICON_NAME = AppIcon;
				ASSETCATALOG_COMPILER_GLOBAL_ACCENT_COLOR_NAME = AccentColor;
				CODE_SIGN_STYLE = Automatic;
				CURRENT_PROJECT_VERSION = 1;
				DEVELOPMENT_ASSET_PATHS = "\"HIIT/Preview Content\"";
				DEVELOPMENT_TEAM = 55WCKK3Y95;
				ENABLE_PREVIEWS = YES;
				GENERATE_INFOPLIST_FILE = YES;
				INFOPLIST_KEY_UIApplicationSceneManifest_Generation = YES;
				INFOPLIST_KEY_UIApplicationSupportsIndirectInputEvents = YES;
				INFOPLIST_KEY_UILaunchScreen_Generation = YES;
				INFOPLIST_KEY_UILaunchStoryboardName = LaunchScreen.storyboard;
				INFOPLIST_KEY_UISupportedInterfaceOrientations_iPad = "UIInterfaceOrientationPortrait UIInterfaceOrientationPortraitUpsideDown UIInterfaceOrientationLandscapeLeft UIInterfaceOrientationLandscapeRight";
				INFOPLIST_KEY_UISupportedInterfaceOrientations_iPhone = "UIInterfaceOrientationPortrait UIInterfaceOrientationLandscapeLeft UIInterfaceOrientationLandscapeRight";
				LD_RUNPATH_SEARCH_PATHS = (
					"$(inherited)",
					"@executable_path/Frameworks",
				);
				MARKETING_VERSION = 1.0;
				PRODUCT_BUNDLE_IDENTIFIER = ShionNakamura.HIIT;
				PRODUCT_NAME = "$(TARGET_NAME)";
				SWIFT_EMIT_LOC_STRINGS = YES;
				SWIFT_VERSION = 5.0;
				TARGETED_DEVICE_FAMILY = "1,2";
			};
			name = Release;
		};
		161DC6D92D2A22AE00CDE1C0 /* Debug */ = {
			isa = XCBuildConfiguration;
			buildSettings = {
				BUNDLE_LOADER = "$(TEST_HOST)";
				CODE_SIGN_STYLE = Automatic;
				CURRENT_PROJECT_VERSION = 1;
				DEVELOPMENT_TEAM = 55WCKK3Y95;
				GENERATE_INFOPLIST_FILE = YES;
				IPHONEOS_DEPLOYMENT_TARGET = 18.1;
				MARKETING_VERSION = 1.0;
				PRODUCT_BUNDLE_IDENTIFIER = ShionNakamura.HIITTests;
				PRODUCT_NAME = "$(TARGET_NAME)";
				SWIFT_EMIT_LOC_STRINGS = NO;
				SWIFT_VERSION = 5.0;
				TARGETED_DEVICE_FAMILY = "1,2";
				TEST_HOST = "$(BUILT_PRODUCTS_DIR)/HIIT.app/$(BUNDLE_EXECUTABLE_FOLDER_PATH)/HIIT";
			};
			name = Debug;
		};
		161DC6DA2D2A22AE00CDE1C0 /* Release */ = {
			isa = XCBuildConfiguration;
			buildSettings = {
				BUNDLE_LOADER = "$(TEST_HOST)";
				CODE_SIGN_STYLE = Automatic;
				CURRENT_PROJECT_VERSION = 1;
				DEVELOPMENT_TEAM = 55WCKK3Y95;
				GENERATE_INFOPLIST_FILE = YES;
				IPHONEOS_DEPLOYMENT_TARGET = 18.1;
				MARKETING_VERSION = 1.0;
				PRODUCT_BUNDLE_IDENTIFIER = ShionNakamura.HIITTests;
				PRODUCT_NAME = "$(TARGET_NAME)";
				SWIFT_EMIT_LOC_STRINGS = NO;
				SWIFT_VERSION = 5.0;
				TARGETED_DEVICE_FAMILY = "1,2";
				TEST_HOST = "$(BUILT_PRODUCTS_DIR)/HIIT.app/$(BUNDLE_EXECUTABLE_FOLDER_PATH)/HIIT";
			};
			name = Release;
		};
		161DC6DC2D2A22AE00CDE1C0 /* Debug */ = {
			isa = XCBuildConfiguration;
			buildSettings = {
				CODE_SIGN_STYLE = Automatic;
				CURRENT_PROJECT_VERSION = 1;
				DEVELOPMENT_TEAM = 55WCKK3Y95;
				GENERATE_INFOPLIST_FILE = YES;
				MARKETING_VERSION = 1.0;
				PRODUCT_BUNDLE_IDENTIFIER = ShionNakamura.HIITUITests;
				PRODUCT_NAME = "$(TARGET_NAME)";
				SWIFT_EMIT_LOC_STRINGS = NO;
				SWIFT_VERSION = 5.0;
				TARGETED_DEVICE_FAMILY = "1,2";
				TEST_TARGET_NAME = HIIT;
			};
			name = Debug;
		};
		161DC6DD2D2A22AE00CDE1C0 /* Release */ = {
			isa = XCBuildConfiguration;
			buildSettings = {
				CODE_SIGN_STYLE = Automatic;
				CURRENT_PROJECT_VERSION = 1;
				DEVELOPMENT_TEAM = 55WCKK3Y95;
				GENERATE_INFOPLIST_FILE = YES;
				MARKETING_VERSION = 1.0;
				PRODUCT_BUNDLE_IDENTIFIER = ShionNakamura.HIITUITests;
				PRODUCT_NAME = "$(TARGET_NAME)";
				SWIFT_EMIT_LOC_STRINGS = NO;
				SWIFT_VERSION = 5.0;
				TARGETED_DEVICE_FAMILY = "1,2";
				TEST_TARGET_NAME = HIIT;
			};
			name = Release;
		};
/* End XCBuildConfiguration section */

/* Begin XCConfigurationList section */
		161DC6AC2D2A22AB00CDE1C0 /* Build configuration list for PBXProject "HIIT" */ = {
			isa = XCConfigurationList;
			buildConfigurations = (
				161DC6D32D2A22AE00CDE1C0 /* Debug */,
				161DC6D42D2A22AE00CDE1C0 /* Release */,
			);
			defaultConfigurationIsVisible = 0;
			defaultConfigurationName = Release;
		};
		161DC6D52D2A22AE00CDE1C0 /* Build configuration list for PBXNativeTarget "HIIT" */ = {
			isa = XCConfigurationList;
			buildConfigurations = (
				161DC6D62D2A22AE00CDE1C0 /* Debug */,
				161DC6D72D2A22AE00CDE1C0 /* Release */,
			);
			defaultConfigurationIsVisible = 0;
			defaultConfigurationName = Release;
		};
		161DC6D82D2A22AE00CDE1C0 /* Build configuration list for PBXNativeTarget "HIITTests" */ = {
			isa = XCConfigurationList;
			buildConfigurations = (
				161DC6D92D2A22AE00CDE1C0 /* Debug */,
				161DC6DA2D2A22AE00CDE1C0 /* Release */,
			);
			defaultConfigurationIsVisible = 0;
			defaultConfigurationName = Release;
		};
		161DC6DB2D2A22AE00CDE1C0 /* Build configuration list for PBXNativeTarget "HIITUITests" */ = {
			isa = XCConfigurationList;
			buildConfigurations = (
				161DC6DC2D2A22AE00CDE1C0 /* Debug */,
				161DC6DD2D2A22AE00CDE1C0 /* Release */,
			);
			defaultConfigurationIsVisible = 0;
			defaultConfigurationName = Release;
		};
/* End XCConfigurationList section */
	};
	rootObject = 161DC6A92D2A22AB00CDE1C0 /* Project object */;
}
